// !$*UTF8*$!
{
	archiveVersion = 1;
	classes = {
	};
	objectVersion = 46;
	objects = {

/* Begin PBXBuildFile section */
		02405CC71E22619A003E24C8 /* RealmSwift.framework in Frameworks */ = {isa = PBXBuildFile; fileRef = 02405CC51E22619A003E24C8 /* RealmSwift.framework */; };
		02405CC81E22619A003E24C8 /* Realm.framework in Frameworks */ = {isa = PBXBuildFile; fileRef = 02405CC61E22619A003E24C8 /* Realm.framework */; };
		02405CC91E2261CF003E24C8 /* RealmSwift.framework in Frameworks */ = {isa = PBXBuildFile; fileRef = 02405CC51E22619A003E24C8 /* RealmSwift.framework */; };
		02405CCA1E2261CF003E24C8 /* RealmSwift.framework in Embed Frameworks */ = {isa = PBXBuildFile; fileRef = 02405CC51E22619A003E24C8 /* RealmSwift.framework */; settings = {ATTRIBUTES = (CodeSignOnCopy, RemoveHeadersOnCopy, ); }; };
		02405CCB1E2261CF003E24C8 /* Realm.framework in Frameworks */ = {isa = PBXBuildFile; fileRef = 02405CC61E22619A003E24C8 /* Realm.framework */; };
		02405CCC1E2261CF003E24C8 /* Realm.framework in Embed Frameworks */ = {isa = PBXBuildFile; fileRef = 02405CC61E22619A003E24C8 /* Realm.framework */; settings = {ATTRIBUTES = (CodeSignOnCopy, RemoveHeadersOnCopy, ); }; };
		0240BDB81E1E3829005CF527 /* SportLocation.swift in Sources */ = {isa = PBXBuildFile; fileRef = 0240BDB71E1E3829005CF527 /* SportLocation.swift */; };
		0240BDC11E1E40FB005CF527 /* Properties.plist in Resources */ = {isa = PBXBuildFile; fileRef = 0240BDC01E1E40FB005CF527 /* Properties.plist */; };
		0240BDC31E1E4318005CF527 /* LocationViewController.swift in Sources */ = {isa = PBXBuildFile; fileRef = 0240BDC21E1E4318005CF527 /* LocationViewController.swift */; };
		026AAC3E1E25865500F84394 /* DetailViewController.swift in Sources */ = {isa = PBXBuildFile; fileRef = 026AAC3D1E25865500F84394 /* DetailViewController.swift */; };
		0295CD6A1E227CB90051B6A3 /* GamesViewController.swift in Sources */ = {isa = PBXBuildFile; fileRef = 0295CD691E227CB90051B6A3 /* GamesViewController.swift */; };
		0295CD6E1E2283050051B6A3 /* RealmService.swift in Sources */ = {isa = PBXBuildFile; fileRef = 0295CD6D1E2283050051B6A3 /* RealmService.swift */; };
		0295CD711E2289420051B6A3 /* ChallengeService.swift in Sources */ = {isa = PBXBuildFile; fileRef = 0295CD701E2289420051B6A3 /* ChallengeService.swift */; };
		02E8F8D91DF7FDF0004AC2FA /* OverviewViewController.swift in Sources */ = {isa = PBXBuildFile; fileRef = 02E8F8D81DF7FDF0004AC2FA /* OverviewViewController.swift */; };
		02E8F8DB1DF80874004AC2FA /* CreateViewController.swift in Sources */ = {isa = PBXBuildFile; fileRef = 02E8F8DA1DF80874004AC2FA /* CreateViewController.swift */; };
		02EC2F4F1DF4B56C007C466A /* AppDelegate.swift in Sources */ = {isa = PBXBuildFile; fileRef = 02EC2F4E1DF4B56C007C466A /* AppDelegate.swift */; };
		02EC2F541DF4B56C007C466A /* Main.storyboard in Resources */ = {isa = PBXBuildFile; fileRef = 02EC2F521DF4B56C007C466A /* Main.storyboard */; };
		02EC2F561DF4B56C007C466A /* Assets.xcassets in Resources */ = {isa = PBXBuildFile; fileRef = 02EC2F551DF4B56C007C466A /* Assets.xcassets */; };
		02EC2F591DF4B56C007C466A /* LaunchScreen.storyboard in Resources */ = {isa = PBXBuildFile; fileRef = 02EC2F571DF4B56C007C466A /* LaunchScreen.storyboard */; };
		02EC2F621DF4B5B3007C466A /* Challenge.swift in Sources */ = {isa = PBXBuildFile; fileRef = 02EC2F611DF4B5B3007C466A /* Challenge.swift */; };
		02EC2F661DF4BBBF007C466A /* Game.swift in Sources */ = {isa = PBXBuildFile; fileRef = 02EC2F651DF4BBBF007C466A /* Game.swift */; };
/* End PBXBuildFile section */

/* Begin PBXCopyFilesBuildPhase section */
		02405CCD1E2261CF003E24C8 /* Embed Frameworks */ = {
			isa = PBXCopyFilesBuildPhase;
			buildActionMask = 2147483647;
			dstPath = "";
			dstSubfolderSpec = 10;
			files = (
				02405CCC1E2261CF003E24C8 /* Realm.framework in Embed Frameworks */,
				02405CCA1E2261CF003E24C8 /* RealmSwift.framework in Embed Frameworks */,
			);
			name = "Embed Frameworks";
			runOnlyForDeploymentPostprocessing = 0;
		};
/* End PBXCopyFilesBuildPhase section */

/* Begin PBXFileReference section */
		02405CC51E22619A003E24C8 /* RealmSwift.framework */ = {isa = PBXFileReference; lastKnownFileType = wrapper.framework; path = RealmSwift.framework; sourceTree = "<group>"; };
		02405CC61E22619A003E24C8 /* Realm.framework */ = {isa = PBXFileReference; lastKnownFileType = wrapper.framework; path = Realm.framework; sourceTree = "<group>"; };
		0240BDB71E1E3829005CF527 /* SportLocation.swift */ = {isa = PBXFileReference; fileEncoding = 4; lastKnownFileType = sourcecode.swift; path = SportLocation.swift; sourceTree = "<group>"; };
		0240BDC01E1E40FB005CF527 /* Properties.plist */ = {isa = PBXFileReference; fileEncoding = 4; lastKnownFileType = text.plist.xml; path = Properties.plist; sourceTree = "<group>"; };
		0240BDC21E1E4318005CF527 /* LocationViewController.swift */ = {isa = PBXFileReference; fileEncoding = 4; lastKnownFileType = sourcecode.swift; path = LocationViewController.swift; sourceTree = "<group>"; };
		026AAC3D1E25865500F84394 /* DetailViewController.swift */ = {isa = PBXFileReference; fileEncoding = 4; lastKnownFileType = sourcecode.swift; path = DetailViewController.swift; sourceTree = "<group>"; };
		0295CD691E227CB90051B6A3 /* GamesViewController.swift */ = {isa = PBXFileReference; fileEncoding = 4; lastKnownFileType = sourcecode.swift; path = GamesViewController.swift; sourceTree = "<group>"; };
		0295CD6D1E2283050051B6A3 /* RealmService.swift */ = {isa = PBXFileReference; fileEncoding = 4; lastKnownFileType = sourcecode.swift; path = RealmService.swift; sourceTree = "<group>"; };
		0295CD701E2289420051B6A3 /* ChallengeService.swift */ = {isa = PBXFileReference; fileEncoding = 4; lastKnownFileType = sourcecode.swift; path = ChallengeService.swift; sourceTree = "<group>"; };
		02E8F8D81DF7FDF0004AC2FA /* OverviewViewController.swift */ = {isa = PBXFileReference; fileEncoding = 4; lastKnownFileType = sourcecode.swift; path = OverviewViewController.swift; sourceTree = "<group>"; };
		02E8F8DA1DF80874004AC2FA /* CreateViewController.swift */ = {isa = PBXFileReference; fileEncoding = 4; lastKnownFileType = sourcecode.swift; path = CreateViewController.swift; sourceTree = "<group>"; };
		02EC2F4B1DF4B56C007C466A /* SportsBattle.app */ = {isa = PBXFileReference; explicitFileType = wrapper.application; includeInIndex = 0; path = SportsBattle.app; sourceTree = BUILT_PRODUCTS_DIR; };
		02EC2F4E1DF4B56C007C466A /* AppDelegate.swift */ = {isa = PBXFileReference; lastKnownFileType = sourcecode.swift; path = AppDelegate.swift; sourceTree = "<group>"; };
		02EC2F531DF4B56C007C466A /* Base */ = {isa = PBXFileReference; lastKnownFileType = file.storyboard; name = Base; path = Base.lproj/Main.storyboard; sourceTree = "<group>"; };
		02EC2F551DF4B56C007C466A /* Assets.xcassets */ = {isa = PBXFileReference; lastKnownFileType = folder.assetcatalog; path = Assets.xcassets; sourceTree = "<group>"; };
		02EC2F581DF4B56C007C466A /* Base */ = {isa = PBXFileReference; lastKnownFileType = file.storyboard; name = Base; path = Base.lproj/LaunchScreen.storyboard; sourceTree = "<group>"; };
		02EC2F5A1DF4B56C007C466A /* Info.plist */ = {isa = PBXFileReference; lastKnownFileType = text.plist.xml; path = Info.plist; sourceTree = "<group>"; };
		02EC2F611DF4B5B3007C466A /* Challenge.swift */ = {isa = PBXFileReference; fileEncoding = 4; lastKnownFileType = sourcecode.swift; path = Challenge.swift; sourceTree = "<group>"; };
		02EC2F651DF4BBBF007C466A /* Game.swift */ = {isa = PBXFileReference; fileEncoding = 4; lastKnownFileType = sourcecode.swift; path = Game.swift; sourceTree = "<group>"; };
/* End PBXFileReference section */

/* Begin PBXFrameworksBuildPhase section */
		02EC2F481DF4B56C007C466A /* Frameworks */ = {
			isa = PBXFrameworksBuildPhase;
			buildActionMask = 2147483647;
			files = (
				02405CCB1E2261CF003E24C8 /* Realm.framework in Frameworks */,
				02405CC81E22619A003E24C8 /* Realm.framework in Frameworks */,
				02405CC71E22619A003E24C8 /* RealmSwift.framework in Frameworks */,
				02405CC91E2261CF003E24C8 /* RealmSwift.framework in Frameworks */,
			);
			runOnlyForDeploymentPostprocessing = 0;
		};
/* End PBXFrameworksBuildPhase section */

/* Begin PBXGroup section */
		0295CD6F1E2289230051B6A3 /* Service */ = {
			isa = PBXGroup;
			children = (
				0295CD6D1E2283050051B6A3 /* RealmService.swift */,
				0295CD701E2289420051B6A3 /* ChallengeService.swift */,
			);
			name = Service;
			sourceTree = "<group>";
		};
		02E8F8D71DF7FDC8004AC2FA /* ViewController */ = {
			isa = PBXGroup;
			children = (
				02E8F8D81DF7FDF0004AC2FA /* OverviewViewController.swift */,
				02E8F8DA1DF80874004AC2FA /* CreateViewController.swift */,
				0240BDC21E1E4318005CF527 /* LocationViewController.swift */,
				0295CD691E227CB90051B6A3 /* GamesViewController.swift */,
				026AAC3D1E25865500F84394 /* DetailViewController.swift */,
			);
			name = ViewController;
			sourceTree = "<group>";
		};
		02EC2F421DF4B56C007C466A = {
			isa = PBXGroup;
			children = (
				02405CC51E22619A003E24C8 /* RealmSwift.framework */,
				02405CC61E22619A003E24C8 /* Realm.framework */,
				0240BDC01E1E40FB005CF527 /* Properties.plist */,
				02EC2F4D1DF4B56C007C466A /* SportsBattle */,
				02EC2F4C1DF4B56C007C466A /* Products */,
			);
			sourceTree = "<group>";
		};
		02EC2F4C1DF4B56C007C466A /* Products */ = {
			isa = PBXGroup;
			children = (
				02EC2F4B1DF4B56C007C466A /* SportsBattle.app */,
			);
			name = Products;
			sourceTree = "<group>";
		};
		02EC2F4D1DF4B56C007C466A /* SportsBattle */ = {
			isa = PBXGroup;
			children = (
				0295CD6F1E2289230051B6A3 /* Service */,
				02E8F8D71DF7FDC8004AC2FA /* ViewController */,
				02EC2F601DF4B58C007C466A /* Model */,
				02EC2F4E1DF4B56C007C466A /* AppDelegate.swift */,
				02EC2F521DF4B56C007C466A /* Main.storyboard */,
				02EC2F551DF4B56C007C466A /* Assets.xcassets */,
				02EC2F571DF4B56C007C466A /* LaunchScreen.storyboard */,
				02EC2F5A1DF4B56C007C466A /* Info.plist */,
			);
			path = SportsBattle;
			sourceTree = "<group>";
		};
		02EC2F601DF4B58C007C466A /* Model */ = {
			isa = PBXGroup;
			children = (
				02EC2F611DF4B5B3007C466A /* Challenge.swift */,
				02EC2F651DF4BBBF007C466A /* Game.swift */,
				0240BDB71E1E3829005CF527 /* SportLocation.swift */,
			);
			name = Model;
			sourceTree = "<group>";
		};
/* End PBXGroup section */

/* Begin PBXNativeTarget section */
		02EC2F4A1DF4B56C007C466A /* SportsBattle */ = {
			isa = PBXNativeTarget;
			buildConfigurationList = 02EC2F5D1DF4B56C007C466A /* Build configuration list for PBXNativeTarget "SportsBattle" */;
			buildPhases = (
				02EC2F471DF4B56C007C466A /* Sources */,
				02EC2F481DF4B56C007C466A /* Frameworks */,
				02EC2F491DF4B56C007C466A /* Resources */,
				02405CCD1E2261CF003E24C8 /* Embed Frameworks */,
				02405CCE1E2261E9003E24C8 /* ShellScript */,
			);
			buildRules = (
			);
			dependencies = (
			);
			name = SportsBattle;
			productName = SportsBattle;
			productReference = 02EC2F4B1DF4B56C007C466A /* SportsBattle.app */;
			productType = "com.apple.product-type.application";
		};
/* End PBXNativeTarget section */

/* Begin PBXProject section */
		02EC2F431DF4B56C007C466A /* Project object */ = {
			isa = PBXProject;
			attributes = {
				LastSwiftUpdateCheck = 0810;
				LastUpgradeCheck = 0810;
				ORGANIZATIONNAME = "Tamas Verhoest";
				TargetAttributes = {
					02EC2F4A1DF4B56C007C466A = {
						CreatedOnToolsVersion = 8.1;
						ProvisioningStyle = Automatic;
					};
				};
			};
			buildConfigurationList = 02EC2F461DF4B56C007C466A /* Build configuration list for PBXProject "SportsBattle" */;
			compatibilityVersion = "Xcode 3.2";
			developmentRegion = English;
			hasScannedForEncodings = 0;
			knownRegions = (
				en,
				Base,
			);
			mainGroup = 02EC2F421DF4B56C007C466A;
			productRefGroup = 02EC2F4C1DF4B56C007C466A /* Products */;
			projectDirPath = "";
			projectRoot = "";
			targets = (
				02EC2F4A1DF4B56C007C466A /* SportsBattle */,
			);
		};
/* End PBXProject section */

/* Begin PBXResourcesBuildPhase section */
		02EC2F491DF4B56C007C466A /* Resources */ = {
			isa = PBXResourcesBuildPhase;
			buildActionMask = 2147483647;
			files = (
				02EC2F591DF4B56C007C466A /* LaunchScreen.storyboard in Resources */,
				02EC2F561DF4B56C007C466A /* Assets.xcassets in Resources */,
				02EC2F541DF4B56C007C466A /* Main.storyboard in Resources */,
				0240BDC11E1E40FB005CF527 /* Properties.plist in Resources */,
			);
			runOnlyForDeploymentPostprocessing = 0;
		};
/* End PBXResourcesBuildPhase section */

/* Begin PBXShellScriptBuildPhase section */
		02405CCE1E2261E9003E24C8 /* ShellScript */ = {
			isa = PBXShellScriptBuildPhase;
			buildActionMask = 2147483647;
			files = (
			);
			inputPaths = (
			);
			outputPaths = (
			);
			runOnlyForDeploymentPostprocessing = 0;
			shellPath = /bin/sh;
			shellScript = "bash \"${BUILT_PRODUCTS_DIR}/${FRAMEWORKS_FOLDER_PATH}/Realm.framework/strip-frameworks.sh\"";
		};
/* End PBXShellScriptBuildPhase section */

/* Begin PBXSourcesBuildPhase section */
		02EC2F471DF4B56C007C466A /* Sources */ = {
			isa = PBXSourcesBuildPhase;
			buildActionMask = 2147483647;
			files = (
				026AAC3E1E25865500F84394 /* DetailViewController.swift in Sources */,
				0295CD6A1E227CB90051B6A3 /* GamesViewController.swift in Sources */,
				02E8F8DB1DF80874004AC2FA /* CreateViewController.swift in Sources */,
				02EC2F4F1DF4B56C007C466A /* AppDelegate.swift in Sources */,
				02EC2F621DF4B5B3007C466A /* Challenge.swift in Sources */,
				0295CD6E1E2283050051B6A3 /* RealmService.swift in Sources */,
				0295CD711E2289420051B6A3 /* ChallengeService.swift in Sources */,
				0240BDC31E1E4318005CF527 /* LocationViewController.swift in Sources */,
				02EC2F661DF4BBBF007C466A /* Game.swift in Sources */,
				02E8F8D91DF7FDF0004AC2FA /* OverviewViewController.swift in Sources */,
				0240BDB81E1E3829005CF527 /* SportLocation.swift in Sources */,
			);
			runOnlyForDeploymentPostprocessing = 0;
		};
/* End PBXSourcesBuildPhase section */

/* Begin PBXVariantGroup section */
		02EC2F521DF4B56C007C466A /* Main.storyboard */ = {
			isa = PBXVariantGroup;
			children = (
				02EC2F531DF4B56C007C466A /* Base */,
			);
			name = Main.storyboard;
			sourceTree = "<group>";
		};
		02EC2F571DF4B56C007C466A /* LaunchScreen.storyboard */ = {
			isa = PBXVariantGroup;
			children = (
				02EC2F581DF4B56C007C466A /* Base */,
			);
			name = LaunchScreen.storyboard;
			sourceTree = "<group>";
		};
/* End PBXVariantGroup section */

/* Begin XCBuildConfiguration section */
		02EC2F5B1DF4B56C007C466A /* Debug */ = {
			isa = XCBuildConfiguration;
			buildSettings = {
				ALWAYS_SEARCH_USER_PATHS = NO;
				CLANG_ANALYZER_NONNULL = YES;
				CLANG_CXX_LANGUAGE_STANDARD = "gnu++0x";
				CLANG_CXX_LIBRARY = "libc++";
				CLANG_ENABLE_MODULES = YES;
				CLANG_ENABLE_OBJC_ARC = YES;
				CLANG_WARN_BOOL_CONVERSION = YES;
				CLANG_WARN_CONSTANT_CONVERSION = YES;
				CLANG_WARN_DIRECT_OBJC_ISA_USAGE = YES_ERROR;
				CLANG_WARN_DOCUMENTATION_COMMENTS = YES;
				CLANG_WARN_EMPTY_BODY = YES;
				CLANG_WARN_ENUM_CONVERSION = YES;
				CLANG_WARN_INFINITE_RECURSION = YES;
				CLANG_WARN_INT_CONVERSION = YES;
				CLANG_WARN_OBJC_ROOT_CLASS = YES_ERROR;
				CLANG_WARN_SUSPICIOUS_MOVES = YES;
				CLANG_WARN_UNREACHABLE_CODE = YES;
				CLANG_WARN__DUPLICATE_METHOD_MATCH = YES;
				"CODE_SIGN_IDENTITY[sdk=iphoneos*]" = "iPhone Developer";
				COPY_PHASE_STRIP = NO;
				DEBUG_INFORMATION_FORMAT = dwarf;
				ENABLE_STRICT_OBJC_MSGSEND = YES;
				ENABLE_TESTABILITY = YES;
				GCC_C_LANGUAGE_STANDARD = gnu99;
				GCC_DYNAMIC_NO_PIC = NO;
				GCC_NO_COMMON_BLOCKS = YES;
				GCC_OPTIMIZATION_LEVEL = 0;
				GCC_PREPROCESSOR_DEFINITIONS = (
					"DEBUG=1",
					"$(inherited)",
				);
				GCC_WARN_64_TO_32_BIT_CONVERSION = YES;
				GCC_WARN_ABOUT_RETURN_TYPE = YES_ERROR;
				GCC_WARN_UNDECLARED_SELECTOR = YES;
				GCC_WARN_UNINITIALIZED_AUTOS = YES_AGGRESSIVE;
				GCC_WARN_UNUSED_FUNCTION = YES;
				GCC_WARN_UNUSED_VARIABLE = YES;
				IPHONEOS_DEPLOYMENT_TARGET = 10.0;
				MTL_ENABLE_DEBUG_INFO = YES;
				ONLY_ACTIVE_ARCH = YES;
				SDKROOT = iphoneos;
				SWIFT_ACTIVE_COMPILATION_CONDITIONS = DEBUG;
				SWIFT_OPTIMIZATION_LEVEL = "-Onone";
				TARGETED_DEVICE_FAMILY = "1,2";
			};
			name = Debug;
		};
		02EC2F5C1DF4B56C007C466A /* Release */ = {
			isa = XCBuildConfiguration;
			buildSettings = {
				ALWAYS_SEARCH_USER_PATHS = NO;
				CLANG_ANALYZER_NONNULL = YES;
				CLANG_CXX_LANGUAGE_STANDARD = "gnu++0x";
				CLANG_CXX_LIBRARY = "libc++";
				CLANG_ENABLE_MODULES = YES;
				CLANG_ENABLE_OBJC_ARC = YES;
				CLANG_WARN_BOOL_CONVERSION = YES;
				CLANG_WARN_CONSTANT_CONVERSION = YES;
				CLANG_WARN_DIRECT_OBJC_ISA_USAGE = YES_ERROR;
				CLANG_WARN_DOCUMENTATION_COMMENTS = YES;
				CLANG_WARN_EMPTY_BODY = YES;
				CLANG_WARN_ENUM_CONVERSION = YES;
				CLANG_WARN_INFINITE_RECURSION = YES;
				CLANG_WARN_INT_CONVERSION = YES;
				CLANG_WARN_OBJC_ROOT_CLASS = YES_ERROR;
				CLANG_WARN_SUSPICIOUS_MOVES = YES;
				CLANG_WARN_UNREACHABLE_CODE = YES;
				CLANG_WARN__DUPLICATE_METHOD_MATCH = YES;
				"CODE_SIGN_IDENTITY[sdk=iphoneos*]" = "iPhone Developer";
				COPY_PHASE_STRIP = NO;
				DEBUG_INFORMATION_FORMAT = "dwarf-with-dsym";
				ENABLE_NS_ASSERTIONS = NO;
				ENABLE_STRICT_OBJC_MSGSEND = YES;
				GCC_C_LANGUAGE_STANDARD = gnu99;
				GCC_NO_COMMON_BLOCKS = YES;
				GCC_WARN_64_TO_32_BIT_CONVERSION = YES;
				GCC_WARN_ABOUT_RETURN_TYPE = YES_ERROR;
				GCC_WARN_UNDECLARED_SELECTOR = YES;
				GCC_WARN_UNINITIALIZED_AUTOS = YES_AGGRESSIVE;
				GCC_WARN_UNUSED_FUNCTION = YES;
				GCC_WARN_UNUSED_VARIABLE = YES;
				IPHONEOS_DEPLOYMENT_TARGET = 10.0;
				MTL_ENABLE_DEBUG_INFO = NO;
				SDKROOT = iphoneos;
				SWIFT_OPTIMIZATION_LEVEL = "-Owholemodule";
				TARGETED_DEVICE_FAMILY = "1,2";
				VALIDATE_PRODUCT = YES;
			};
			name = Release;
		};
		02EC2F5E1DF4B56C007C466A /* Debug */ = {
			isa = XCBuildConfiguration;
			buildSettings = {
				ASSETCATALOG_COMPILER_APPICON_NAME = AppIcon;
				FRAMEWORK_SEARCH_PATHS = (
					"$(inherited)",
					"$(PROJECT_DIR)",
				);
				INFOPLIST_FILE = SportsBattle/Info.plist;
				IPHONEOS_DEPLOYMENT_TARGET = 10.0;
				LD_RUNPATH_SEARCH_PATHS = "$(inherited) @executable_path/Frameworks";
				PRODUCT_BUNDLE_IDENTIFIER = hogent.SportsBattle;
				PRODUCT_NAME = "$(TARGET_NAME)";
				SWIFT_VERSION = 3.0;
			};
			name = Debug;
		};
		02EC2F5F1DF4B56C007C466A /* Release */ = {
			isa = XCBuildConfiguration;
			buildSettings = {
				ASSETCATALOG_COMPILER_APPICON_NAME = AppIcon;
				FRAMEWORK_SEARCH_PATHS = (
					"$(inherited)",
					"$(PROJECT_DIR)",
				);
				INFOPLIST_FILE = SportsBattle/Info.plist;
				IPHONEOS_DEPLOYMENT_TARGET = 10.0;
				LD_RUNPATH_SEARCH_PATHS = "$(inherited) @executable_path/Frameworks";
				PRODUCT_BUNDLE_IDENTIFIER = hogent.SportsBattle;
				PRODUCT_NAME = "$(TARGET_NAME)";
				SWIFT_VERSION = 3.0;
			};
			name = Release;
		};
/* End XCBuildConfiguration section */

/* Begin XCConfigurationList section */
		02EC2F461DF4B56C007C466A /* Build configuration list for PBXProject "SportsBattle" */ = {
			isa = XCConfigurationList;
			buildConfigurations = (
				02EC2F5B1DF4B56C007C466A /* Debug */,
				02EC2F5C1DF4B56C007C466A /* Release */,
			);
			defaultConfigurationIsVisible = 0;
			defaultConfigurationName = Release;
		};
		02EC2F5D1DF4B56C007C466A /* Build configuration list for PBXNativeTarget "SportsBattle" */ = {
			isa = XCConfigurationList;
			buildConfigurations = (
				02EC2F5E1DF4B56C007C466A /* Debug */,
				02EC2F5F1DF4B56C007C466A /* Release */,
			);
			defaultConfigurationIsVisible = 0;
			defaultConfigurationName = Release;
		};
/* End XCConfigurationList section */
	};
	rootObject = 02EC2F431DF4B56C007C466A /* Project object */;
}
